
Microsoft Visual Studio Solution File, Format Version 12.00
# Visual Studio Version 17
VisualStudioVersion = 17.9.34616.47
MinimumVisualStudioVersion = 10.0.40219.1
Project("{FAE04EC0-301F-11D3-BF4B-00C04F79EFBC}") = "MauiApp1", "MauiApp1.csproj", "{525C7A4C-63A5-44A5-9CDD-CF1CAE5FFDC5}"
EndProject
Global
	GlobalSection(SolutionConfigurationPlatforms) = preSolution
		Debug|Any CPU = Debug|Any CPU
		Release|Any CPU = Release|Any CPU
	EndGlobalSection
	GlobalSection(ProjectConfigurationPlatforms) = postSolution
		{525C7A4C-63A5-44A5-9CDD-CF1CAE5FFDC5}.Debug|Any CPU.ActiveCfg = Debug|Any CPU
		{525C7A4C-63A5-44A5-9CDD-CF1CAE5FFDC5}.Debug|Any CPU.Build.0 = Debug|Any CPU
		{525C7A4C-63A5-44A5-9CDD-CF1CAE5FFDC5}.Debug|Any CPU.Deploy.0 = Debug|Any CPU
		{525C7A4C-63A5-44A5-9CDD-CF1CAE5FFDC5}.Release|Any CPU.ActiveCfg = Release|Any CPU
		{525C7A4C-63A5-44A5-9CDD-CF1CAE5FFDC5}.Release|Any CPU.Build.0 = Release|Any CPU
		{525C7A4C-63A5-44A5-9CDD-CF1CAE5FFDC5}.Release|Any CPU.Deploy.0 = Release|Any CPU
	EndGlobalSection
	GlobalSection(SolutionProperties) = preSolution
		HideSolutionNode = FALSE
	EndGlobalSection
	GlobalSection(ExtensibilityGlobals) = postSolution
		SolutionGuid = {BD1FA529-9D0D-4FB8-8E3C-F94D02F16A0E}
	EndGlobalSection
EndGlobal
